// !$*UTF8*$!
{
	archiveVersion = 1;
	classes = {
	};
	objectVersion = 55;
	objects = {

/* Begin PBXBuildFile section */
		6338335C27F168B60041E9D5 /* AppDelegate.swift in Sources */ = {isa = PBXBuildFile; fileRef = 6338335B27F168B60041E9D5 /* AppDelegate.swift */; };
		6338335E27F168B60041E9D5 /* SceneDelegate.swift in Sources */ = {isa = PBXBuildFile; fileRef = 6338335D27F168B60041E9D5 /* SceneDelegate.swift */; };
		6338336027F168B60041E9D5 /* ViewController.swift in Sources */ = {isa = PBXBuildFile; fileRef = 6338335F27F168B60041E9D5 /* ViewController.swift */; };
		6338336327F168B60041E9D5 /* Main.storyboard in Resources */ = {isa = PBXBuildFile; fileRef = 6338336127F168B60041E9D5 /* Main.storyboard */; };
		6338336527F168BA0041E9D5 /* Assets.xcassets in Resources */ = {isa = PBXBuildFile; fileRef = 6338336427F168BA0041E9D5 /* Assets.xcassets */; };
		6338336827F168BA0041E9D5 /* LaunchScreen.storyboard in Resources */ = {isa = PBXBuildFile; fileRef = 6338336627F168BA0041E9D5 /* LaunchScreen.storyboard */; };
		6338337127F169E60041E9D5 /* MapKit.framework in Frameworks */ = {isa = PBXBuildFile; fileRef = 6338337027F169E60041E9D5 /* MapKit.framework */; };
		635BD37C27F1EF140023F4A8 /* MapPolylineRenderer.swift in Sources */ = {isa = PBXBuildFile; fileRef = 635BD37B27F1EF140023F4A8 /* MapPolylineRenderer.swift */; };
		6381715427F1C7DE000F531E /* AnnotationView.swift in Sources */ = {isa = PBXBuildFile; fileRef = 6381715327F1C7DE000F531E /* AnnotationView.swift */; };
		6381715727F1C7FA000F531E /* OverlayView.swift in Sources */ = {isa = PBXBuildFile; fileRef = 6381715627F1C7FA000F531E /* OverlayView.swift */; };
		6381715A27F1C8A8000F531E /* MapRouter.swift in Sources */ = {isa = PBXBuildFile; fileRef = 6381715927F1C8A8000F531E /* MapRouter.swift */; };
/* End PBXBuildFile section */

/* Begin PBXFileReference section */
		6338335827F168B60041E9D5 /* RoutingPractice.app */ = {isa = PBXFileReference; explicitFileType = wrapper.application; includeInIndex = 0; path = RoutingPractice.app; sourceTree = BUILT_PRODUCTS_DIR; };
		6338335B27F168B60041E9D5 /* AppDelegate.swift */ = {isa = PBXFileReference; lastKnownFileType = sourcecode.swift; path = AppDelegate.swift; sourceTree = "<group>"; };
		6338335D27F168B60041E9D5 /* SceneDelegate.swift */ = {isa = PBXFileReference; lastKnownFileType = sourcecode.swift; path = SceneDelegate.swift; sourceTree = "<group>"; };
		6338335F27F168B60041E9D5 /* ViewController.swift */ = {isa = PBXFileReference; lastKnownFileType = sourcecode.swift; path = ViewController.swift; sourceTree = "<group>"; };
		6338336227F168B60041E9D5 /* Base */ = {isa = PBXFileReference; lastKnownFileType = file.storyboard; name = Base; path = Base.lproj/Main.storyboard; sourceTree = "<group>"; };
		6338336427F168BA0041E9D5 /* Assets.xcassets */ = {isa = PBXFileReference; lastKnownFileType = folder.assetcatalog; path = Assets.xcassets; sourceTree = "<group>"; };
		6338336727F168BA0041E9D5 /* Base */ = {isa = PBXFileReference; lastKnownFileType = file.storyboard; name = Base; path = Base.lproj/LaunchScreen.storyboard; sourceTree = "<group>"; };
		6338336927F168BA0041E9D5 /* Info.plist */ = {isa = PBXFileReference; lastKnownFileType = text.plist.xml; path = Info.plist; sourceTree = "<group>"; };
		6338337027F169E60041E9D5 /* MapKit.framework */ = {isa = PBXFileReference; lastKnownFileType = wrapper.framework; name = MapKit.framework; path = System/Library/Frameworks/MapKit.framework; sourceTree = SDKROOT; };
		635BD37B27F1EF140023F4A8 /* MapPolylineRenderer.swift */ = {isa = PBXFileReference; lastKnownFileType = sourcecode.swift; path = MapPolylineRenderer.swift; sourceTree = "<group>"; };
		6381715327F1C7DE000F531E /* AnnotationView.swift */ = {isa = PBXFileReference; lastKnownFileType = sourcecode.swift; path = AnnotationView.swift; sourceTree = "<group>"; };
		6381715627F1C7FA000F531E /* OverlayView.swift */ = {isa = PBXFileReference; lastKnownFileType = sourcecode.swift; path = OverlayView.swift; sourceTree = "<group>"; };
		6381715927F1C8A8000F531E /* MapRouter.swift */ = {isa = PBXFileReference; lastKnownFileType = sourcecode.swift; path = MapRouter.swift; sourceTree = "<group>"; };
/* End PBXFileReference section */

/* Begin PBXFrameworksBuildPhase section */
		6338335527F168B60041E9D5 /* Frameworks */ = {
			isa = PBXFrameworksBuildPhase;
			buildActionMask = 2147483647;
			files = (
				6338337127F169E60041E9D5 /* MapKit.framework in Frameworks */,
			);
			runOnlyForDeploymentPostprocessing = 0;
		};
/* End PBXFrameworksBuildPhase section */

/* Begin PBXGroup section */
		6338334F27F168B60041E9D5 = {
			isa = PBXGroup;
			children = (
				6338335A27F168B60041E9D5 /* RoutingPractice */,
				6338335927F168B60041E9D5 /* Products */,
				6338336F27F169E60041E9D5 /* Frameworks */,
			);
			sourceTree = "<group>";
		};
		6338335927F168B60041E9D5 /* Products */ = {
			isa = PBXGroup;
			children = (
				6338335827F168B60041E9D5 /* RoutingPractice.app */,
			);
			name = Products;
			sourceTree = "<group>";
		};
		6338335A27F168B60041E9D5 /* RoutingPractice */ = {
			isa = PBXGroup;
			children = (
				6381715827F1C889000F531E /* MapService */,
				6381715527F1C7EF000F531E /* MapViewComponents */,
				6338335B27F168B60041E9D5 /* AppDelegate.swift */,
				6338335D27F168B60041E9D5 /* SceneDelegate.swift */,
				6338335F27F168B60041E9D5 /* ViewController.swift */,
				6338336127F168B60041E9D5 /* Main.storyboard */,
				6338336427F168BA0041E9D5 /* Assets.xcassets */,
				6338336627F168BA0041E9D5 /* LaunchScreen.storyboard */,
				6338336927F168BA0041E9D5 /* Info.plist */,
			);
			path = RoutingPractice;
			sourceTree = "<group>";
		};
		6338336F27F169E60041E9D5 /* Frameworks */ = {
			isa = PBXGroup;
			children = (
				6338337027F169E60041E9D5 /* MapKit.framework */,
			);
			name = Frameworks;
			sourceTree = "<group>";
		};
		6381715527F1C7EF000F531E /* MapViewComponents */ = {
			isa = PBXGroup;
			children = (
				6381715327F1C7DE000F531E /* AnnotationView.swift */,
				6381715627F1C7FA000F531E /* OverlayView.swift */,
			);
			path = MapViewComponents;
			sourceTree = "<group>";
		};
		6381715827F1C889000F531E /* MapService */ = {
			isa = PBXGroup;
			children = (
				6381715927F1C8A8000F531E /* MapRouter.swift */,
				635BD37B27F1EF140023F4A8 /* MapPolylineRenderer.swift */,
			);
			path = MapService;
			sourceTree = "<group>";
		};
/* End PBXGroup section */

/* Begin PBXNativeTarget section */
		6338335727F168B60041E9D5 /* RoutingPractice */ = {
			isa = PBXNativeTarget;
			buildConfigurationList = 6338336C27F168BA0041E9D5 /* Build configuration list for PBXNativeTarget "RoutingPractice" */;
			buildPhases = (
				6338335427F168B60041E9D5 /* Sources */,
				6338335527F168B60041E9D5 /* Frameworks */,
				6338335627F168B60041E9D5 /* Resources */,
			);
			buildRules = (
			);
			dependencies = (
			);
			name = RoutingPractice;
			productName = RoutingPractice;
			productReference = 6338335827F168B60041E9D5 /* RoutingPractice.app */;
			productType = "com.apple.product-type.application";
		};
/* End PBXNativeTarget section */

/* Begin PBXProject section */
		6338335027F168B60041E9D5 /* Project object */ = {
			isa = PBXProject;
			attributes = {
				BuildIndependentTargetsInParallel = 1;
				LastSwiftUpdateCheck = 1330;
				LastUpgradeCheck = 1330;
				TargetAttributes = {
					6338335727F168B60041E9D5 = {
						CreatedOnToolsVersion = 13.3;
					};
				};
			};
			buildConfigurationList = 6338335327F168B60041E9D5 /* Build configuration list for PBXProject "RoutingPractice" */;
			compatibilityVersion = "Xcode 13.0";
			developmentRegion = en;
			hasScannedForEncodings = 0;
			knownRegions = (
				en,
				Base,
			);
			mainGroup = 6338334F27F168B60041E9D5;
			productRefGroup = 6338335927F168B60041E9D5 /* Products */;
			projectDirPath = "";
			projectRoot = "";
			targets = (
				6338335727F168B60041E9D5 /* RoutingPractice */,
			);
		};
/* End PBXProject section */

/* Begin PBXResourcesBuildPhase section */
		6338335627F168B60041E9D5 /* Resources */ = {
			isa = PBXResourcesBuildPhase;
			buildActionMask = 2147483647;
			files = (
				6338336827F168BA0041E9D5 /* LaunchScreen.storyboard in Resources */,
				6338336527F168BA0041E9D5 /* Assets.xcassets in Resources */,
				6338336327F168B60041E9D5 /* Main.storyboard in Resources */,
			);
			runOnlyForDeploymentPostprocessing = 0;
		};
/* End PBXResourcesBuildPhase section */

/* Begin PBXSourcesBuildPhase section */
		6338335427F168B60041E9D5 /* Sources */ = {
			isa = PBXSourcesBuildPhase;
			buildActionMask = 2147483647;
			files = (
				6338336027F168B60041E9D5 /* ViewController.swift in Sources */,
				635BD37C27F1EF140023F4A8 /* MapPolylineRenderer.swift in Sources */,
				6381715427F1C7DE000F531E /* AnnotationView.swift in Sources */,
				6338335C27F168B60041E9D5 /* AppDelegate.swift in Sources */,
				6338335E27F168B60041E9D5 /* SceneDelegate.swift in Sources */,
				6381715A27F1C8A8000F531E /* MapRouter.swift in Sources */,
				6381715727F1C7FA000F531E /* OverlayView.swift in Sources */,
			);
			runOnlyForDeploymentPostprocessing = 0;
		};
/* End PBXSourcesBuildPhase section */

/* Begin PBXVariantGroup section */
		6338336127F168B60041E9D5 /* Main.storyboard */ = {
			isa = PBXVariantGroup;
			children = (
				6338336227F168B60041E9D5 /* Base */,
			);
			name = Main.storyboard;
			sourceTree = "<group>";
		};
		6338336627F168BA0041E9D5 /* LaunchScreen.storyboard */ = {
			isa = PBXVariantGroup;
			children = (
				6338336727F168BA0041E9D5 /* Base */,
			);
			name = LaunchScreen.storyboard;
			sourceTree = "<group>";
		};
/* End PBXVariantGroup section */

/* Begin XCBuildConfiguration section */
		6338336A27F168BA0041E9D5 /* Debug */ = {
			isa = XCBuildConfiguration;
			buildSettings = {
				ALWAYS_SEARCH_USER_PATHS = NO;
				CLANG_ANALYZER_NONNULL = YES;
				CLANG_ANALYZER_NUMBER_OBJECT_CONVERSION = YES_AGGRESSIVE;
				CLANG_CXX_LANGUAGE_STANDARD = "gnu++17";
				CLANG_ENABLE_MODULES = YES;
				CLANG_ENABLE_OBJC_ARC = YES;
				CLANG_ENABLE_OBJC_WEAK = YES;
				CLANG_WARN_BLOCK_CAPTURE_AUTORELEASING = YES;
				CLANG_WARN_BOOL_CONVERSION = YES;
				CLANG_WARN_COMMA = YES;
				CLANG_WARN_CONSTANT_CONVERSION = YES;
				CLANG_WARN_DEPRECATED_OBJC_IMPLEMENTATIONS = YES;
				CLANG_WARN_DIRECT_OBJC_ISA_USAGE = YES_ERROR;
				CLANG_WARN_DOCUMENTATION_COMMENTS = YES;
				CLANG_WARN_EMPTY_BODY = YES;
				CLANG_WARN_ENUM_CONVERSION = YES;
				CLANG_WARN_INFINITE_RECURSION = YES;
				CLANG_WARN_INT_CONVERSION = YES;
				CLANG_WARN_NON_LITERAL_NULL_CONVERSION = YES;
				CLANG_WARN_OBJC_IMPLICIT_RETAIN_SELF = YES;
				CLANG_WARN_OBJC_LITERAL_CONVERSION = YES;
				CLANG_WARN_OBJC_ROOT_CLASS = YES_ERROR;
				CLANG_WARN_QUOTED_INCLUDE_IN_FRAMEWORK_HEADER = YES;
				CLANG_WARN_RANGE_LOOP_ANALYSIS = YES;
				CLANG_WARN_STRICT_PROTOTYPES = YES;
				CLANG_WARN_SUSPICIOUS_MOVE = YES;
				CLANG_WARN_UNGUARDED_AVAILABILITY = YES_AGGRESSIVE;
				CLANG_WARN_UNREACHABLE_CODE = YES;
				CLANG_WARN__DUPLICATE_METHOD_MATCH = YES;
				COPY_PHASE_STRIP = NO;
				DEBUG_INFORMATION_FORMAT = dwarf;
				ENABLE_STRICT_OBJC_MSGSEND = YES;
				ENABLE_TESTABILITY = YES;
				GCC_C_LANGUAGE_STANDARD = gnu11;
				GCC_DYNAMIC_NO_PIC = NO;
				GCC_NO_COMMON_BLOCKS = YES;
				GCC_OPTIMIZATION_LEVEL = 0;
				GCC_PREPROCESSOR_DEFINITIONS = (
					"DEBUG=1",
					"$(inherited)",
				);
				GCC_WARN_64_TO_32_BIT_CONVERSION = YES;
				GCC_WARN_ABOUT_RETURN_TYPE = YES_ERROR;
				GCC_WARN_UNDECLARED_SELECTOR = YES;
				GCC_WARN_UNINITIALIZED_AUTOS = YES_AGGRESSIVE;
				GCC_WARN_UNUSED_FUNCTION = YES;
				GCC_WARN_UNUSED_VARIABLE = YES;
				IPHONEOS_DEPLOYMENT_TARGET = 15.4;
				MTL_ENABLE_DEBUG_INFO = INCLUDE_SOURCE;
				MTL_FAST_MATH = YES;
				ONLY_ACTIVE_ARCH = YES;
				SDKROOT = iphoneos;
				SWIFT_ACTIVE_COMPILATION_CONDITIONS = DEBUG;
				SWIFT_OPTIMIZATION_LEVEL = "-Onone";
			};
			name = Debug;
		};
		6338336B27F168BA0041E9D5 /* Release */ = {
			isa = XCBuildConfiguration;
			buildSettings = {
				ALWAYS_SEARCH_USER_PATHS = NO;
				CLANG_ANALYZER_NONNULL = YES;
				CLANG_ANALYZER_NUMBER_OBJECT_CONVERSION = YES_AGGRESSIVE;
				CLANG_CXX_LANGUAGE_STANDARD = "gnu++17";
				CLANG_ENABLE_MODULES = YES;
				CLANG_ENABLE_OBJC_ARC = YES;
				CLANG_ENABLE_OBJC_WEAK = YES;
				CLANG_WARN_BLOCK_CAPTURE_AUTORELEASING = YES;
				CLANG_WARN_BOOL_CONVERSION = YES;
				CLANG_WARN_COMMA = YES;
				CLANG_WARN_CONSTANT_CONVERSION = YES;
				CLANG_WARN_DEPRECATED_OBJC_IMPLEMENTATIONS = YES;
				CLANG_WARN_DIRECT_OBJC_ISA_USAGE = YES_ERROR;
				CLANG_WARN_DOCUMENTATION_COMMENTS = YES;
				CLANG_WARN_EMPTY_BODY = YES;
				CLANG_WARN_ENUM_CONVERSION = YES;
				CLANG_WARN_INFINITE_RECURSION = YES;
				CLANG_WARN_INT_CONVERSION = YES;
				CLANG_WARN_NON_LITERAL_NULL_CONVERSION = YES;
				CLANG_WARN_OBJC_IMPLICIT_RETAIN_SELF = YES;
				CLANG_WARN_OBJC_LITERAL_CONVERSION = YES;
				CLANG_WARN_OBJC_ROOT_CLASS = YES_ERROR;
				CLANG_WARN_QUOTED_INCLUDE_IN_FRAMEWORK_HEADER = YES;
				CLANG_WARN_RANGE_LOOP_ANALYSIS = YES;
				CLANG_WARN_STRICT_PROTOTYPES = YES;
				CLANG_WARN_SUSPICIOUS_MOVE = YES;
				CLANG_WARN_UNGUARDED_AVAILABILITY = YES_AGGRESSIVE;
				CLANG_WARN_UNREACHABLE_CODE = YES;
				CLANG_WARN__DUPLICATE_METHOD_MATCH = YES;
				COPY_PHASE_STRIP = NO;
				DEBUG_INFORMATION_FORMAT = "dwarf-with-dsym";
				ENABLE_NS_ASSERTIONS = NO;
				ENABLE_STRICT_OBJC_MSGSEND = YES;
				GCC_C_LANGUAGE_STANDARD = gnu11;
				GCC_NO_COMMON_BLOCKS = YES;
				GCC_WARN_64_TO_32_BIT_CONVERSION = YES;
				GCC_WARN_ABOUT_RETURN_TYPE = YES_ERROR;
				GCC_WARN_UNDECLARED_SELECTOR = YES;
				GCC_WARN_UNINITIALIZED_AUTOS = YES_AGGRESSIVE;
				GCC_WARN_UNUSED_FUNCTION = YES;
				GCC_WARN_UNUSED_VARIABLE = YES;
				IPHONEOS_DEPLOYMENT_TARGET = 15.4;
				MTL_ENABLE_DEBUG_INFO = NO;
				MTL_FAST_MATH = YES;
				SDKROOT = iphoneos;
				SWIFT_COMPILATION_MODE = wholemodule;
				SWIFT_OPTIMIZATION_LEVEL = "-O";
				VALIDATE_PRODUCT = YES;
			};
			name = Release;
		};
		6338336D27F168BA0041E9D5 /* Debug */ = {
			isa = XCBuildConfiguration;
			buildSettings = {
				ASSETCATALOG_COMPILER_APPICON_NAME = AppIcon;
				ASSETCATALOG_COMPILER_GLOBAL_ACCENT_COLOR_NAME = AccentColor;
				CODE_SIGN_STYLE = Automatic;
				CURRENT_PROJECT_VERSION = 1;
				DEVELOPMENT_TEAM = HDTL2HPD5J;
				GENERATE_INFOPLIST_FILE = YES;
				INFOPLIST_FILE = RoutingPractice/Info.plist;
				INFOPLIST_KEY_UIApplicationSupportsIndirectInputEvents = YES;
				INFOPLIST_KEY_UILaunchStoryboardName = LaunchScreen;
				INFOPLIST_KEY_UIMainStoryboardFile = Main;
				INFOPLIST_KEY_UISupportedInterfaceOrientations_iPad = "UIInterfaceOrientationPortrait UIInterfaceOrientationPortraitUpsideDown UIInterfaceOrientationLandscapeLeft UIInterfaceOrientationLandscapeRight";
				INFOPLIST_KEY_UISupportedInterfaceOrientations_iPhone = "UIInterfaceOrientationPortrait UIInterfaceOrientationLandscapeLeft UIInterfaceOrientationLandscapeRight";
				LD_RUNPATH_SEARCH_PATHS = (
					"$(inherited)",
					"@executable_path/Frameworks",
				);
				MARKETING_VERSION = 1.0;
				PRODUCT_BUNDLE_IDENTIFIER = com.github.soo941226.RoutingPractice;
				PRODUCT_NAME = "$(TARGET_NAME)";
				SWIFT_EMIT_LOC_STRINGS = YES;
				SWIFT_VERSION = 5.0;
				TARGETED_DEVICE_FAMILY = "1,2";
			};
			name = Debug;
		};
		6338336E27F168BA0041E9D5 /* Release */ = {
			isa = XCBuildConfiguration;
			buildSettings = {
				ASSETCATALOG_COMPILER_APPICON_NAME = AppIcon;
				ASSETCATALOG_COMPILER_GLOBAL_ACCENT_COLOR_NAME = AccentColor;
				CODE_SIGN_STYLE = Automatic;
				CURRENT_PROJECT_VERSION = 1;
				DEVELOPMENT_TEAM = HDTL2HPD5J;
				GENERATE_INFOPLIST_FILE = YES;
				INFOPLIST_FILE = RoutingPractice/Info.plist;
				INFOPLIST_KEY_UIApplicationSupportsIndirectInputEvents = YES;
				INFOPLIST_KEY_UILaunchStoryboardName = LaunchScreen;
				INFOPLIST_KEY_UIMainStoryboardFile = Main;
				INFOPLIST_KEY_UISupportedInterfaceOrientations_iPad = "UIInterfaceOrientationPortrait UIInterfaceOrientationPortraitUpsideDown UIInterfaceOrientationLandscapeLeft UIInterfaceOrientationLandscapeRight";
				INFOPLIST_KEY_UISupportedInterfaceOrientations_iPhone = "UIInterfaceOrientationPortrait UIInterfaceOrientationLandscapeLeft UIInterfaceOrientationLandscapeRight";
				LD_RUNPATH_SEARCH_PATHS = (
					"$(inherited)",
					"@executable_path/Frameworks",
				);
				MARKETING_VERSION = 1.0;
				PRODUCT_BUNDLE_IDENTIFIER = com.github.soo941226.RoutingPractice;
				PRODUCT_NAME = "$(TARGET_NAME)";
				SWIFT_EMIT_LOC_STRINGS = YES;
				SWIFT_VERSION = 5.0;
				TARGETED_DEVICE_FAMILY = "1,2";
			};
			name = Release;
		};
/* End XCBuildConfiguration section */

/* Begin XCConfigurationList section */
		6338335327F168B60041E9D5 /* Build configuration list for PBXProject "RoutingPractice" */ = {
			isa = XCConfigurationList;
			buildConfigurations = (
				6338336A27F168BA0041E9D5 /* Debug */,
				6338336B27F168BA0041E9D5 /* Release */,
			);
			defaultConfigurationIsVisible = 0;
			defaultConfigurationName = Release;
		};
		6338336C27F168BA0041E9D5 /* Build configuration list for PBXNativeTarget "RoutingPractice" */ = {
			isa = XCConfigurationList;
			buildConfigurations = (
				6338336D27F168BA0041E9D5 /* Debug */,
				6338336E27F168BA0041E9D5 /* Release */,
			);
			defaultConfigurationIsVisible = 0;
			defaultConfigurationName = Release;
		};
/* End XCConfigurationList section */
	};
	rootObject = 6338335027F168B60041E9D5 /* Project object */;
}
